
Microsoft Visual Studio Solution File, Format Version 10.00
# Visual Studio 2008
Project("{8BC9CEB8-8B4A-11D0-8D11-00A0C91BC942}") = "callBack20150617", "callBack20150617\callBack20150617.vcproj", "{1B406702-C12F-4D24-985B-F99F47DE994B}"
EndProject
Global
	GlobalSection(SolutionConfigurationPlatforms) = preSolution
		Debug|Win32 = Debug|Win32
		Release|Win32 = Release|Win32
	EndGlobalSection
	GlobalSection(ProjectConfigurationPlatforms) = postSolution
		{1B406702-C12F-4D24-985B-F99F47DE994B}.Debug|Win32.ActiveCfg = Debug|Win32
		{1B406702-C12F-4D24-985B-F99F47DE994B}.Debug|Win32.Build.0 = Debug|Win32
		{1B406702-C12F-4D24-985B-F99F47DE994B}.Release|Win32.ActiveCfg = Release|Win32
		{1B406702-C12F-4D24-985B-F99F47DE994B}.Release|Win32.Build.0 = Release|Win32
	EndGlobalSection
	GlobalSection(SolutionProperties) = preSolution
		HideSolutionNode = FALSE
	EndGlobalSection
EndGlobal
